<?xml version="1.0" encoding="utf-8"?>
<Project ToolsVersion="4.0" xmlns="http://schemas.microsoft.com/developer/msbuild/2003">
  <ItemGroup>
    <ClCompile Include="$(MSBuildThisFileDirectory)..\..\lib\native\src\gtest\gtest-all.cc" />
    <ClCompile Include="$(MSBuildThisFileDirectory)..\..\lib\native\src\gmock\gmock-all.cc" />
    <ClCompile Include="..\Shell\MockSSD.h">
      <Filter>헤더 파일</Filter>
    </ClCompile>
    <ClCompile Include="..\Shell\SSDInterface.h">
      <Filter>헤더 파일</Filter>
    </ClCompile>
    <ClCompile Include="..\Shell\CmdWrite.cpp">
      <Filter>소스 파일</Filter>
    </ClCompile>
    <ClCompile Include="gTestCmdRead.cpp">
      <Filter>소스 파일</Filter>
    </ClCompile>
    <ClCompile Include="gTestCommandWrite.cpp">
      <Filter>소스 파일</Filter>
    </ClCompile>
    <ClCompile Include="gTestMockSSD.cpp">
      <Filter>소스 파일</Filter>
    </ClCompile>
    <ClCompile Include="main.cpp">
      <Filter>소스 파일</Filter>
    </ClCompile>
    <ClCompile Include="$(MSBuildThisFileDirectory)..\..\lib\native\src\gtest\gtest-all.cc">
      <Filter>소스 파일</Filter>
    </ClCompile>
    <ClCompile Include="$(MSBuildThisFileDirectory)..\..\lib\native\src\gmock\gmock-all.cc">
      <Filter>소스 파일</Filter>
    </ClCompile>
    <ClCompile Include="gTestParser.cpp">
      <Filter>소스 파일</Filter>
    </ClCompile>
    <ClCompile Include="gTestCmdFullRead.cpp">
      <Filter>소스 파일</Filter>
    </ClCompile>
    <ClCompile Include="gTestCmdFullWrite.cpp">
      <Filter>소스 파일</Filter>
    </ClCompile>
    <ClCompile Include="gTestRealSSD.cpp">
      <Filter>소스 파일</Filter>
    </ClCompile>
    <ClCompile Include="gTestShell.cpp">
      <Filter>소스 파일</Filter>
    </ClCompile>
    <ClCompile Include="..\Shell\MockSSD.cpp">
      <Filter>소스 파일</Filter>
    </ClCompile>
    <ClCompile Include="gTestCmdExit.cpp">
      <Filter>소스 파일</Filter>
    </ClCompile>
    <ClCompile Include="gTestCommandHelp.cpp">
      <Filter>소스 파일</Filter>
    </ClCompile>
    <ClCompile Include="gTestCmdFlush.cpp">
      <Filter>소스 파일</Filter>
    </ClCompile>
    <ClCompile Include="gTestCmdErase.cpp">
      <Filter>소스 파일</Filter>
    </ClCompile>
    <ClCompile Include="gTestCmdEraseRange.cpp">
      <Filter>소스 파일</Filter>
    </ClCompile>
    <ClCompile Include="gTestTestScriptCase.cpp">
      <Filter>소스 파일</Filter>
    </ClCompile>
    <ClCompile Include="gTestScriptRunner.cpp">
      <Filter>소스 파일</Filter>
    </ClCompile>
    <ClCompile Include="gTestLogger.cpp">
      <Filter>소스 파일</Filter>
    </ClCompile>
  </ItemGroup>
  <ItemGroup>
    <None Include="packages.config" />
  </ItemGroup>
  <ItemGroup>
    <Filter Include="헤더 파일">
      <UniqueIdentifier>{2214636f-eaa7-4e63-99b0-1800c5a80df1}</UniqueIdentifier>
    </Filter>
    <Filter Include="소스 파일">
      <UniqueIdentifier>{7a67d2f7-c407-4631-852a-06a40101d067}</UniqueIdentifier>
    </Filter>
    <Filter Include="리소스 파일">
      <UniqueIdentifier>{e91069e7-bc1c-4533-a221-6c524342f626}</UniqueIdentifier>
    </Filter>
  </ItemGroup>
  <ItemGroup>
    <ClInclude Include="..\Shell\CmdWrite.h">
      <Filter>헤더 파일</Filter>
    </ClInclude>
    <ClInclude Include="..\Shell\CmdFullWrite.h">
      <Filter>헤더 파일</Filter>
    </ClInclude>
    <ClInclude Include="..\Shell\RealSSD.h">
      <Filter>헤더 파일</Filter>
    </ClInclude>
    <ClInclude Include="..\Shell\CmdErase.h">
      <Filter>헤더 파일</Filter>
    </ClInclude>
    <ClInclude Include="..\Shell\CmdExit.h">
      <Filter>헤더 파일</Filter>
    </ClInclude>
    <ClInclude Include="..\Shell\CmdFlush.h">
      <Filter>헤더 파일</Filter>
    </ClInclude>
    <ClInclude Include="..\Shell\CmdFullRead.h">
      <Filter>헤더 파일</Filter>
    </ClInclude>
    <ClInclude Include="..\Shell\CmdHelp.h">
      <Filter>헤더 파일</Filter>
    </ClInclude>
    <ClInclude Include="..\Shell\CmdRead.h">
      <Filter>헤더 파일</Filter>
    </ClInclude>
    <ClInclude Include="..\Shell\CmdTestScript.h">
      <Filter>헤더 파일</Filter>
    </ClInclude>
    <ClInclude Include="..\Shell\ILogFileSystem.h">
      <Filter>헤더 파일</Filter>
    </ClInclude>
    <ClInclude Include="..\Shell\ILogger.h">
      <Filter>헤더 파일</Filter>
    </ClInclude>
    <ClInclude Include="..\Shell\IParam.h">
      <Filter>헤더 파일</Filter>
    </ClInclude>
    <ClInclude Include="..\Shell\ITestScriptCase.h">
      <Filter>헤더 파일</Filter>
    </ClInclude>
    <ClInclude Include="..\Shell\LogFileSystem.h">
      <Filter>헤더 파일</Filter>
    </ClInclude>
    <ClInclude Include="..\Shell\logger.h">
      <Filter>헤더 파일</Filter>
    </ClInclude>
    <ClInclude Include="..\Shell\Parser.h">
      <Filter>헤더 파일</Filter>
    </ClInclude>
    <ClInclude Include="..\Shell\ScriptRunner.h">
      <Filter>헤더 파일</Filter>
    </ClInclude>
    <ClInclude Include="..\Shell\TestScriptCase1.h">
      <Filter>헤더 파일</Filter>
    </ClInclude>
    <ClInclude Include="..\Shell\TestScriptCase2.h">
      <Filter>헤더 파일</Filter>
    </ClInclude>
    <ClInclude Include="..\Shell\TestScriptCase3.h">
      <Filter>헤더 파일</Filter>
    </ClInclude>
    <ClInclude Include="..\Shell\TestScriptCase4.h">
      <Filter>헤더 파일</Filter>
    </ClInclude>
    <ClInclude Include="..\Shell\TestShell.h">
      <Filter>헤더 파일</Filter>
    </ClInclude>
    <ClInclude Include="gTestCommandCallCommon.h">
      <Filter>헤더 파일</Filter>
    </ClInclude>
  </ItemGroup>
</Project>